
Microsoft Visual Studio Solution File, Format Version 12.00
# Visual Studio Version 17
VisualStudioVersion = 17.14.36603.0 d17.14
MinimumVisualStudioVersion = 10.0.40219.1
Project("{54A90642-561A-4BB1-A94E-469ADEE60C69}") = "achievcor.client", "achievcor.client\achievcor.client.esproj", "{16FF7C03-A7F1-B26A-ED1D-427B9B669C00}"
EndProject
Project("{FAE04EC0-301F-11D3-BF4B-00C04F79EFBC}") = "AchievCor.Server", "AchievCor.Server\AchievCor.Server.csproj", "{B22198C6-DDF3-4333-9D32-5E246438BA8D}"
EndProject
Project("{2150E333-8FDC-42A3-9474-1A3956D46DE8}") = "Элементы решения", "Элементы решения", "{754FC069-D67B-A9D7-50A1-8D1CA196D8F1}"
	ProjectSection(SolutionItems) = preProject
		.env = .env
		.env.example = .env.example
	EndProjectSection
EndProject
Project("{E53339B2-1760-4266-BCC7-CA923CBCF16C}") = "docker-compose", "docker-compose.dcproj", "{81DDED9D-158B-E303-5F62-77A2896D2A5A}"
EndProject
Global
	GlobalSection(SolutionConfigurationPlatforms) = preSolution
		Debug|Any CPU = Debug|Any CPU
		Release|Any CPU = Release|Any CPU
	EndGlobalSection
	GlobalSection(ProjectConfigurationPlatforms) = postSolution
		{16FF7C03-A7F1-B26A-ED1D-427B9B669C00}.Debug|Any CPU.ActiveCfg = Debug|Any CPU
		{16FF7C03-A7F1-B26A-ED1D-427B9B669C00}.Debug|Any CPU.Build.0 = Debug|Any CPU
		{16FF7C03-A7F1-B26A-ED1D-427B9B669C00}.Debug|Any CPU.Deploy.0 = Debug|Any CPU
		{16FF7C03-A7F1-B26A-ED1D-427B9B669C00}.Release|Any CPU.ActiveCfg = Release|Any CPU
		{16FF7C03-A7F1-B26A-ED1D-427B9B669C00}.Release|Any CPU.Build.0 = Release|Any CPU
		{16FF7C03-A7F1-B26A-ED1D-427B9B669C00}.Release|Any CPU.Deploy.0 = Release|Any CPU
		{B22198C6-DDF3-4333-9D32-5E246438BA8D}.Debug|Any CPU.ActiveCfg = Debug|Any CPU
		{B22198C6-DDF3-4333-9D32-5E246438BA8D}.Debug|Any CPU.Build.0 = Debug|Any CPU
		{B22198C6-DDF3-4333-9D32-5E246438BA8D}.Release|Any CPU.ActiveCfg = Release|Any CPU
		{B22198C6-DDF3-4333-9D32-5E246438BA8D}.Release|Any CPU.Build.0 = Release|Any CPU
		{81DDED9D-158B-E303-5F62-77A2896D2A5A}.Debug|Any CPU.ActiveCfg = Debug|Any CPU
		{81DDED9D-158B-E303-5F62-77A2896D2A5A}.Debug|Any CPU.Build.0 = Debug|Any CPU
		{81DDED9D-158B-E303-5F62-77A2896D2A5A}.Release|Any CPU.ActiveCfg = Release|Any CPU
		{81DDED9D-158B-E303-5F62-77A2896D2A5A}.Release|Any CPU.Build.0 = Release|Any CPU
	EndGlobalSection
	GlobalSection(SolutionProperties) = preSolution
		HideSolutionNode = FALSE
	EndGlobalSection
	GlobalSection(ExtensibilityGlobals) = postSolution
		SolutionGuid = {08B88105-F574-435A-9962-115F39096A72}
	EndGlobalSection
EndGlobal
